
Microsoft Visual Studio Solution File, Format Version 12.00
# Visual Studio 15
VisualStudioVersion = 15.0.28307.960
MinimumVisualStudioVersion = 10.0.40219.1
Project("{FAE04EC0-301F-11D3-BF4B-00C04F79EFBC}") = "StOrgPro", "StOrgPro\StOrgPro.csproj", "{40A6C96B-049A-41F1-9553-18D2162962CB}"
EndProject
Project("{00D1A9C2-B5F0-4AF3-8072-F6C62B433612}") = "DataBase", "DataBase\DataBase.sqlproj", "{5735A5B5-654A-420D-85CB-E9836EB09AE3}"
EndProject
Project("{FAE04EC0-301F-11D3-BF4B-00C04F79EFBC}") = "Engine", "ClassLibrary1\Engine.csproj", "{C762EB9E-B4EB-4D80-97C6-766869B840E6}"
EndProject
Global
	GlobalSection(SolutionConfigurationPlatforms) = preSolution
		Debug|Any CPU = Debug|Any CPU
		Release|Any CPU = Release|Any CPU
	EndGlobalSection
	GlobalSection(ProjectConfigurationPlatforms) = postSolution
		{40A6C96B-049A-41F1-9553-18D2162962CB}.Debug|Any CPU.ActiveCfg = Debug|Any CPU
		{40A6C96B-049A-41F1-9553-18D2162962CB}.Debug|Any CPU.Build.0 = Debug|Any CPU
		{40A6C96B-049A-41F1-9553-18D2162962CB}.Release|Any CPU.ActiveCfg = Release|Any CPU
		{40A6C96B-049A-41F1-9553-18D2162962CB}.Release|Any CPU.Build.0 = Release|Any CPU
		{5735A5B5-654A-420D-85CB-E9836EB09AE3}.Debug|Any CPU.ActiveCfg = Debug|Any CPU
		{5735A5B5-654A-420D-85CB-E9836EB09AE3}.Debug|Any CPU.Build.0 = Debug|Any CPU
		{5735A5B5-654A-420D-85CB-E9836EB09AE3}.Debug|Any CPU.Deploy.0 = Debug|Any CPU
		{5735A5B5-654A-420D-85CB-E9836EB09AE3}.Release|Any CPU.ActiveCfg = Release|Any CPU
		{5735A5B5-654A-420D-85CB-E9836EB09AE3}.Release|Any CPU.Build.0 = Release|Any CPU
		{5735A5B5-654A-420D-85CB-E9836EB09AE3}.Release|Any CPU.Deploy.0 = Release|Any CPU
		{C762EB9E-B4EB-4D80-97C6-766869B840E6}.Debug|Any CPU.ActiveCfg = Debug|Any CPU
		{C762EB9E-B4EB-4D80-97C6-766869B840E6}.Debug|Any CPU.Build.0 = Debug|Any CPU
		{C762EB9E-B4EB-4D80-97C6-766869B840E6}.Release|Any CPU.ActiveCfg = Release|Any CPU
		{C762EB9E-B4EB-4D80-97C6-766869B840E6}.Release|Any CPU.Build.0 = Release|Any CPU
	EndGlobalSection
	GlobalSection(SolutionProperties) = preSolution
		HideSolutionNode = FALSE
	EndGlobalSection
	GlobalSection(ExtensibilityGlobals) = postSolution
		SolutionGuid = {15BB66D6-EB5B-446B-819A-7D920751D872}
	EndGlobalSection
EndGlobal
